// !$*UTF8*$!
{
	archiveVersion = 1;
	classes = {
	};
	objectVersion = 50;
	objects = {

/* Begin PBXBuildFile section */
		03647EA025E0A5F600EAAB29 /* AppDelegate.swift in Sources */ = {isa = PBXBuildFile; fileRef = 03647E9F25E0A5F600EAAB29 /* AppDelegate.swift */; };
		03647EA225E0A5F600EAAB29 /* SceneDelegate.swift in Sources */ = {isa = PBXBuildFile; fileRef = 03647EA125E0A5F600EAAB29 /* SceneDelegate.swift */; };
		03647EA425E0A5F600EAAB29 /* ViewController.swift in Sources */ = {isa = PBXBuildFile; fileRef = 03647EA325E0A5F600EAAB29 /* ViewController.swift */; };
		03647EA725E0A5F600EAAB29 /* Main.storyboard in Resources */ = {isa = PBXBuildFile; fileRef = 03647EA525E0A5F600EAAB29 /* Main.storyboard */; };
		03647EA925E0A5F700EAAB29 /* Assets.xcassets in Resources */ = {isa = PBXBuildFile; fileRef = 03647EA825E0A5F700EAAB29 /* Assets.xcassets */; };
		03647EAC25E0A5F700EAAB29 /* LaunchScreen.storyboard in Resources */ = {isa = PBXBuildFile; fileRef = 03647EAA25E0A5F700EAAB29 /* LaunchScreen.storyboard */; };
		03647EB725E0A5F700EAAB29 /* FlixTests.swift in Sources */ = {isa = PBXBuildFile; fileRef = 03647EB625E0A5F700EAAB29 /* FlixTests.swift */; };
		03647EC225E0A5F700EAAB29 /* FlixUITests.swift in Sources */ = {isa = PBXBuildFile; fileRef = 03647EC125E0A5F700EAAB29 /* FlixUITests.swift */; };
		03647EDB25E0BAEF00EAAB29 /* MovieCell.swift in Sources */ = {isa = PBXBuildFile; fileRef = 03647EDA25E0BAEF00EAAB29 /* MovieCell.swift */; };
		3EAC7049F35426A133DE6A16 /* Pods_Flix.framework in Frameworks */ = {isa = PBXBuildFile; fileRef = AA3D1F2110CAE68D6449F603 /* Pods_Flix.framework */; };
		597F077A3DC20DA678E600AC /* Pods_FlixTests.framework in Frameworks */ = {isa = PBXBuildFile; fileRef = 53DBB45013C61F22014C649A /* Pods_FlixTests.framework */; };
		B15595207CDAC969BAC79C26 /* Pods_Flix_FlixUITests.framework in Frameworks */ = {isa = PBXBuildFile; fileRef = 50F94CEB258B2A1FBF4AF718 /* Pods_Flix_FlixUITests.framework */; };
/* End PBXBuildFile section */

/* Begin PBXContainerItemProxy section */
		03647EB325E0A5F700EAAB29 /* PBXContainerItemProxy */ = {
			isa = PBXContainerItemProxy;
			containerPortal = 03647E9425E0A5F600EAAB29 /* Project object */;
			proxyType = 1;
			remoteGlobalIDString = 03647E9B25E0A5F600EAAB29;
			remoteInfo = Flix;
		};
		03647EBE25E0A5F700EAAB29 /* PBXContainerItemProxy */ = {
			isa = PBXContainerItemProxy;
			containerPortal = 03647E9425E0A5F600EAAB29 /* Project object */;
			proxyType = 1;
			remoteGlobalIDString = 03647E9B25E0A5F600EAAB29;
			remoteInfo = Flix;
		};
/* End PBXContainerItemProxy section */

/* Begin PBXFileReference section */
		03647E9C25E0A5F600EAAB29 /* Flix.app */ = {isa = PBXFileReference; explicitFileType = wrapper.application; includeInIndex = 0; path = Flix.app; sourceTree = BUILT_PRODUCTS_DIR; };
		03647E9F25E0A5F600EAAB29 /* AppDelegate.swift */ = {isa = PBXFileReference; lastKnownFileType = sourcecode.swift; path = AppDelegate.swift; sourceTree = "<group>"; };
		03647EA125E0A5F600EAAB29 /* SceneDelegate.swift */ = {isa = PBXFileReference; lastKnownFileType = sourcecode.swift; path = SceneDelegate.swift; sourceTree = "<group>"; };
		03647EA325E0A5F600EAAB29 /* ViewController.swift */ = {isa = PBXFileReference; lastKnownFileType = sourcecode.swift; path = ViewController.swift; sourceTree = "<group>"; };
		03647EA625E0A5F600EAAB29 /* Base */ = {isa = PBXFileReference; lastKnownFileType = file.storyboard; name = Base; path = Base.lproj/Main.storyboard; sourceTree = "<group>"; };
		03647EA825E0A5F700EAAB29 /* Assets.xcassets */ = {isa = PBXFileReference; lastKnownFileType = folder.assetcatalog; path = Assets.xcassets; sourceTree = "<group>"; };
		03647EAB25E0A5F700EAAB29 /* Base */ = {isa = PBXFileReference; lastKnownFileType = file.storyboard; name = Base; path = Base.lproj/LaunchScreen.storyboard; sourceTree = "<group>"; };
		03647EAD25E0A5F700EAAB29 /* Info.plist */ = {isa = PBXFileReference; lastKnownFileType = text.plist.xml; path = Info.plist; sourceTree = "<group>"; };
		03647EB225E0A5F700EAAB29 /* FlixTests.xctest */ = {isa = PBXFileReference; explicitFileType = wrapper.cfbundle; includeInIndex = 0; path = FlixTests.xctest; sourceTree = BUILT_PRODUCTS_DIR; };
		03647EB625E0A5F700EAAB29 /* FlixTests.swift */ = {isa = PBXFileReference; lastKnownFileType = sourcecode.swift; path = FlixTests.swift; sourceTree = "<group>"; };
		03647EB825E0A5F700EAAB29 /* Info.plist */ = {isa = PBXFileReference; lastKnownFileType = text.plist.xml; path = Info.plist; sourceTree = "<group>"; };
		03647EBD25E0A5F700EAAB29 /* FlixUITests.xctest */ = {isa = PBXFileReference; explicitFileType = wrapper.cfbundle; includeInIndex = 0; path = FlixUITests.xctest; sourceTree = BUILT_PRODUCTS_DIR; };
		03647EC125E0A5F700EAAB29 /* FlixUITests.swift */ = {isa = PBXFileReference; lastKnownFileType = sourcecode.swift; path = FlixUITests.swift; sourceTree = "<group>"; };
		03647EC325E0A5F700EAAB29 /* Info.plist */ = {isa = PBXFileReference; lastKnownFileType = text.plist.xml; path = Info.plist; sourceTree = "<group>"; };
		03647EDA25E0BAEF00EAAB29 /* MovieCell.swift */ = {isa = PBXFileReference; lastKnownFileType = sourcecode.swift; path = MovieCell.swift; sourceTree = "<group>"; };
		057B74343AB2A99789E83014 /* Pods-Flix-FlixUITests.release.xcconfig */ = {isa = PBXFileReference; includeInIndex = 1; lastKnownFileType = text.xcconfig; name = "Pods-Flix-FlixUITests.release.xcconfig"; path = "Target Support Files/Pods-Flix-FlixUITests/Pods-Flix-FlixUITests.release.xcconfig"; sourceTree = "<group>"; };
		16BFC1AB5B95988EA64D5373 /* Pods-Flix-FlixUITests.debug.xcconfig */ = {isa = PBXFileReference; includeInIndex = 1; lastKnownFileType = text.xcconfig; name = "Pods-Flix-FlixUITests.debug.xcconfig"; path = "Target Support Files/Pods-Flix-FlixUITests/Pods-Flix-FlixUITests.debug.xcconfig"; sourceTree = "<group>"; };
		228D16F5C50CC8402157D6EE /* Pods-FlixTests.debug.xcconfig */ = {isa = PBXFileReference; includeInIndex = 1; lastKnownFileType = text.xcconfig; name = "Pods-FlixTests.debug.xcconfig"; path = "Target Support Files/Pods-FlixTests/Pods-FlixTests.debug.xcconfig"; sourceTree = "<group>"; };
		50F94CEB258B2A1FBF4AF718 /* Pods_Flix_FlixUITests.framework */ = {isa = PBXFileReference; explicitFileType = wrapper.framework; includeInIndex = 0; path = Pods_Flix_FlixUITests.framework; sourceTree = BUILT_PRODUCTS_DIR; };
		53DBB45013C61F22014C649A /* Pods_FlixTests.framework */ = {isa = PBXFileReference; explicitFileType = wrapper.framework; includeInIndex = 0; path = Pods_FlixTests.framework; sourceTree = BUILT_PRODUCTS_DIR; };
		5DDAC596AA93ED8DCD783F2A /* Pods-Flix.debug.xcconfig */ = {isa = PBXFileReference; includeInIndex = 1; lastKnownFileType = text.xcconfig; name = "Pods-Flix.debug.xcconfig"; path = "Target Support Files/Pods-Flix/Pods-Flix.debug.xcconfig"; sourceTree = "<group>"; };
		AA3D1F2110CAE68D6449F603 /* Pods_Flix.framework */ = {isa = PBXFileReference; explicitFileType = wrapper.framework; includeInIndex = 0; path = Pods_Flix.framework; sourceTree = BUILT_PRODUCTS_DIR; };
		D01F3A82CCAF6AFB3AF5CE30 /* Pods-FlixTests.release.xcconfig */ = {isa = PBXFileReference; includeInIndex = 1; lastKnownFileType = text.xcconfig; name = "Pods-FlixTests.release.xcconfig"; path = "Target Support Files/Pods-FlixTests/Pods-FlixTests.release.xcconfig"; sourceTree = "<group>"; };
		E5A3686FE7DB38D1FAF993DE /* Pods-Flix.release.xcconfig */ = {isa = PBXFileReference; includeInIndex = 1; lastKnownFileType = text.xcconfig; name = "Pods-Flix.release.xcconfig"; path = "Target Support Files/Pods-Flix/Pods-Flix.release.xcconfig"; sourceTree = "<group>"; };
/* End PBXFileReference section */

/* Begin PBXFrameworksBuildPhase section */
		03647E9925E0A5F600EAAB29 /* Frameworks */ = {
			isa = PBXFrameworksBuildPhase;
			buildActionMask = 2147483647;
			files = (
				3EAC7049F35426A133DE6A16 /* Pods_Flix.framework in Frameworks */,
			);
			runOnlyForDeploymentPostprocessing = 0;
		};
		03647EAF25E0A5F700EAAB29 /* Frameworks */ = {
			isa = PBXFrameworksBuildPhase;
			buildActionMask = 2147483647;
			files = (
				597F077A3DC20DA678E600AC /* Pods_FlixTests.framework in Frameworks */,
			);
			runOnlyForDeploymentPostprocessing = 0;
		};
		03647EBA25E0A5F700EAAB29 /* Frameworks */ = {
			isa = PBXFrameworksBuildPhase;
			buildActionMask = 2147483647;
			files = (
				B15595207CDAC969BAC79C26 /* Pods_Flix_FlixUITests.framework in Frameworks */,
			);
			runOnlyForDeploymentPostprocessing = 0;
		};
/* End PBXFrameworksBuildPhase section */

/* Begin PBXGroup section */
		01026718DFAC03AEE67E764D /* Pods */ = {
			isa = PBXGroup;
			children = (
				5DDAC596AA93ED8DCD783F2A /* Pods-Flix.debug.xcconfig */,
				E5A3686FE7DB38D1FAF993DE /* Pods-Flix.release.xcconfig */,
				16BFC1AB5B95988EA64D5373 /* Pods-Flix-FlixUITests.debug.xcconfig */,
				057B74343AB2A99789E83014 /* Pods-Flix-FlixUITests.release.xcconfig */,
				228D16F5C50CC8402157D6EE /* Pods-FlixTests.debug.xcconfig */,
				D01F3A82CCAF6AFB3AF5CE30 /* Pods-FlixTests.release.xcconfig */,
			);
			name = Pods;
			path = Pods;
			sourceTree = "<group>";
		};
		03647E9325E0A5F600EAAB29 = {
			isa = PBXGroup;
			children = (
				03647E9E25E0A5F600EAAB29 /* Flix */,
				03647EB525E0A5F700EAAB29 /* FlixTests */,
				03647EC025E0A5F700EAAB29 /* FlixUITests */,
				03647E9D25E0A5F600EAAB29 /* Products */,
				01026718DFAC03AEE67E764D /* Pods */,
				07493D60DD20649FF8B8077A /* Frameworks */,
			);
			sourceTree = "<group>";
		};
		03647E9D25E0A5F600EAAB29 /* Products */ = {
			isa = PBXGroup;
			children = (
				03647E9C25E0A5F600EAAB29 /* Flix.app */,
				03647EB225E0A5F700EAAB29 /* FlixTests.xctest */,
				03647EBD25E0A5F700EAAB29 /* FlixUITests.xctest */,
			);
			name = Products;
			sourceTree = "<group>";
		};
		03647E9E25E0A5F600EAAB29 /* Flix */ = {
			isa = PBXGroup;
			children = (
				03647E9F25E0A5F600EAAB29 /* AppDelegate.swift */,
				03647EA125E0A5F600EAAB29 /* SceneDelegate.swift */,
				03647EA325E0A5F600EAAB29 /* ViewController.swift */,
				03647EA525E0A5F600EAAB29 /* Main.storyboard */,
				03647EDA25E0BAEF00EAAB29 /* MovieCell.swift */,
				03647EA825E0A5F700EAAB29 /* Assets.xcassets */,
				03647EAA25E0A5F700EAAB29 /* LaunchScreen.storyboard */,
				03647EAD25E0A5F700EAAB29 /* Info.plist */,
			);
			path = Flix;
			sourceTree = "<group>";
		};
		03647EB525E0A5F700EAAB29 /* FlixTests */ = {
			isa = PBXGroup;
			children = (
				03647EB625E0A5F700EAAB29 /* FlixTests.swift */,
				03647EB825E0A5F700EAAB29 /* Info.plist */,
			);
			path = FlixTests;
			sourceTree = "<group>";
		};
		03647EC025E0A5F700EAAB29 /* FlixUITests */ = {
			isa = PBXGroup;
			children = (
				03647EC125E0A5F700EAAB29 /* FlixUITests.swift */,
				03647EC325E0A5F700EAAB29 /* Info.plist */,
			);
			path = FlixUITests;
			sourceTree = "<group>";
		};
		07493D60DD20649FF8B8077A /* Frameworks */ = {
			isa = PBXGroup;
			children = (
				AA3D1F2110CAE68D6449F603 /* Pods_Flix.framework */,
				50F94CEB258B2A1FBF4AF718 /* Pods_Flix_FlixUITests.framework */,
				53DBB45013C61F22014C649A /* Pods_FlixTests.framework */,
			);
			name = Frameworks;
			sourceTree = "<group>";
		};
/* End PBXGroup section */

/* Begin PBXNativeTarget section */
		03647E9B25E0A5F600EAAB29 /* Flix */ = {
			isa = PBXNativeTarget;
			buildConfigurationList = 03647EC625E0A5F700EAAB29 /* Build configuration list for PBXNativeTarget "Flix" */;
			buildPhases = (
				803B466EC4B5B3C486BFE78C /* [CP] Check Pods Manifest.lock */,
				03647E9825E0A5F600EAAB29 /* Sources */,
				03647E9925E0A5F600EAAB29 /* Frameworks */,
				03647E9A25E0A5F600EAAB29 /* Resources */,
				4C21FACDBD7338CBB1C6F629 /* [CP] Embed Pods Frameworks */,
			);
			buildRules = (
			);
			dependencies = (
			);
			name = Flix;
			productName = Flix;
			productReference = 03647E9C25E0A5F600EAAB29 /* Flix.app */;
			productType = "com.apple.product-type.application";
		};
		03647EB125E0A5F700EAAB29 /* FlixTests */ = {
			isa = PBXNativeTarget;
			buildConfigurationList = 03647EC925E0A5F700EAAB29 /* Build configuration list for PBXNativeTarget "FlixTests" */;
			buildPhases = (
				73A3D09FF4E860B8AB77F3C2 /* [CP] Check Pods Manifest.lock */,
				03647EAE25E0A5F700EAAB29 /* Sources */,
				03647EAF25E0A5F700EAAB29 /* Frameworks */,
				03647EB025E0A5F700EAAB29 /* Resources */,
			);
			buildRules = (
			);
			dependencies = (
				03647EB425E0A5F700EAAB29 /* PBXTargetDependency */,
			);
			name = FlixTests;
			productName = FlixTests;
			productReference = 03647EB225E0A5F700EAAB29 /* FlixTests.xctest */;
			productType = "com.apple.product-type.bundle.unit-test";
		};
		03647EBC25E0A5F700EAAB29 /* FlixUITests */ = {
			isa = PBXNativeTarget;
			buildConfigurationList = 03647ECC25E0A5F700EAAB29 /* Build configuration list for PBXNativeTarget "FlixUITests" */;
			buildPhases = (
				EF02D5A0BF5DEBAC979D128F /* [CP] Check Pods Manifest.lock */,
				03647EB925E0A5F700EAAB29 /* Sources */,
				03647EBA25E0A5F700EAAB29 /* Frameworks */,
				03647EBB25E0A5F700EAAB29 /* Resources */,
				EAE0F5DEE4762A7C8CE5A55D /* [CP] Embed Pods Frameworks */,
			);
			buildRules = (
			);
			dependencies = (
				03647EBF25E0A5F700EAAB29 /* PBXTargetDependency */,
			);
			name = FlixUITests;
			productName = FlixUITests;
			productReference = 03647EBD25E0A5F700EAAB29 /* FlixUITests.xctest */;
			productType = "com.apple.product-type.bundle.ui-testing";
		};
/* End PBXNativeTarget section */

/* Begin PBXProject section */
		03647E9425E0A5F600EAAB29 /* Project object */ = {
			isa = PBXProject;
			attributes = {
				LastSwiftUpdateCheck = 1240;
				LastUpgradeCheck = 1240;
				TargetAttributes = {
					03647E9B25E0A5F600EAAB29 = {
						CreatedOnToolsVersion = 12.4;
					};
					03647EB125E0A5F700EAAB29 = {
						CreatedOnToolsVersion = 12.4;
						TestTargetID = 03647E9B25E0A5F600EAAB29;
					};
					03647EBC25E0A5F700EAAB29 = {
						CreatedOnToolsVersion = 12.4;
						TestTargetID = 03647E9B25E0A5F600EAAB29;
					};
				};
			};
			buildConfigurationList = 03647E9725E0A5F600EAAB29 /* Build configuration list for PBXProject "Flix" */;
			compatibilityVersion = "Xcode 9.3";
			developmentRegion = en;
			hasScannedForEncodings = 0;
			knownRegions = (
				en,
				Base,
			);
			mainGroup = 03647E9325E0A5F600EAAB29;
			productRefGroup = 03647E9D25E0A5F600EAAB29 /* Products */;
			projectDirPath = "";
			projectRoot = "";
			targets = (
				03647E9B25E0A5F600EAAB29 /* Flix */,
				03647EB125E0A5F700EAAB29 /* FlixTests */,
				03647EBC25E0A5F700EAAB29 /* FlixUITests */,
			);
		};
/* End PBXProject section */

/* Begin PBXResourcesBuildPhase section */
		03647E9A25E0A5F600EAAB29 /* Resources */ = {
			isa = PBXResourcesBuildPhase;
			buildActionMask = 2147483647;
			files = (
				03647EAC25E0A5F700EAAB29 /* LaunchScreen.storyboard in Resources */,
				03647EA925E0A5F700EAAB29 /* Assets.xcassets in Resources */,
				03647EA725E0A5F600EAAB29 /* Main.storyboard in Resources */,
			);
			runOnlyForDeploymentPostprocessing = 0;
		};
		03647EB025E0A5F700EAAB29 /* Resources */ = {
			isa = PBXResourcesBuildPhase;
			buildActionMask = 2147483647;
			files = (
			);
			runOnlyForDeploymentPostprocessing = 0;
		};
		03647EBB25E0A5F700EAAB29 /* Resources */ = {
			isa = PBXResourcesBuildPhase;
			buildActionMask = 2147483647;
			files = (
			);
			runOnlyForDeploymentPostprocessing = 0;
		};
/* End PBXResourcesBuildPhase section */

/* Begin PBXShellScriptBuildPhase section */
		4C21FACDBD7338CBB1C6F629 /* [CP] Embed Pods Frameworks */ = {
			isa = PBXShellScriptBuildPhase;
			buildActionMask = 2147483647;
			files = (
			);
			inputFileListPaths = (
				"${PODS_ROOT}/Target Support Files/Pods-Flix/Pods-Flix-frameworks-${CONFIGURATION}-input-files.xcfilelist",
			);
			name = "[CP] Embed Pods Frameworks";
			outputFileListPaths = (
				"${PODS_ROOT}/Target Support Files/Pods-Flix/Pods-Flix-frameworks-${CONFIGURATION}-output-files.xcfilelist",
			);
			runOnlyForDeploymentPostprocessing = 0;
			shellPath = /bin/sh;
			shellScript = "\"${PODS_ROOT}/Target Support Files/Pods-Flix/Pods-Flix-frameworks.sh\"\n";
			showEnvVarsInLog = 0;
		};
		73A3D09FF4E860B8AB77F3C2 /* [CP] Check Pods Manifest.lock */ = {
			isa = PBXShellScriptBuildPhase;
			buildActionMask = 2147483647;
			files = (
			);
			inputFileListPaths = (
			);
			inputPaths = (
				"${PODS_PODFILE_DIR_PATH}/Podfile.lock",
				"${PODS_ROOT}/Manifest.lock",
			);
			name = "[CP] Check Pods Manifest.lock";
			outputFileListPaths = (
			);
			outputPaths = (
				"$(DERIVED_FILE_DIR)/Pods-FlixTests-checkManifestLockResult.txt",
			);
			runOnlyForDeploymentPostprocessing = 0;
			shellPath = /bin/sh;
			shellScript = "diff \"${PODS_PODFILE_DIR_PATH}/Podfile.lock\" \"${PODS_ROOT}/Manifest.lock\" > /dev/null\nif [ $? != 0 ] ; then\n    # print error to STDERR\n    echo \"error: The sandbox is not in sync with the Podfile.lock. Run 'pod install' or update your CocoaPods installation.\" >&2\n    exit 1\nfi\n# This output is used by Xcode 'outputs' to avoid re-running this script phase.\necho \"SUCCESS\" > \"${SCRIPT_OUTPUT_FILE_0}\"\n";
			showEnvVarsInLog = 0;
		};
		803B466EC4B5B3C486BFE78C /* [CP] Check Pods Manifest.lock */ = {
			isa = PBXShellScriptBuildPhase;
			buildActionMask = 2147483647;
			files = (
			);
			inputFileListPaths = (
			);
			inputPaths = (
				"${PODS_PODFILE_DIR_PATH}/Podfile.lock",
				"${PODS_ROOT}/Manifest.lock",
			);
			name = "[CP] Check Pods Manifest.lock";
			outputFileListPaths = (
			);
			outputPaths = (
				"$(DERIVED_FILE_DIR)/Pods-Flix-checkManifestLockResult.txt",
			);
			runOnlyForDeploymentPostprocessing = 0;
			shellPath = /bin/sh;
			shellScript = "diff \"${PODS_PODFILE_DIR_PATH}/Podfile.lock\" \"${PODS_ROOT}/Manifest.lock\" > /dev/null\nif [ $? != 0 ] ; then\n    # print error to STDERR\n    echo \"error: The sandbox is not in sync with the Podfile.lock. Run 'pod install' or update your CocoaPods installation.\" >&2\n    exit 1\nfi\n# This output is used by Xcode 'outputs' to avoid re-running this script phase.\necho \"SUCCESS\" > \"${SCRIPT_OUTPUT_FILE_0}\"\n";
			showEnvVarsInLog = 0;
		};
		EAE0F5DEE4762A7C8CE5A55D /* [CP] Embed Pods Frameworks */ = {
			isa = PBXShellScriptBuildPhase;
			buildActionMask = 2147483647;
			files = (
			);
			inputFileListPaths = (
				"${PODS_ROOT}/Target Support Files/Pods-Flix-FlixUITests/Pods-Flix-FlixUITests-frameworks-${CONFIGURATION}-input-files.xcfilelist",
			);
			name = "[CP] Embed Pods Frameworks";
			outputFileListPaths = (
				"${PODS_ROOT}/Target Support Files/Pods-Flix-FlixUITests/Pods-Flix-FlixUITests-frameworks-${CONFIGURATION}-output-files.xcfilelist",
			);
			runOnlyForDeploymentPostprocessing = 0;
			shellPath = /bin/sh;
			shellScript = "\"${PODS_ROOT}/Target Support Files/Pods-Flix-FlixUITests/Pods-Flix-FlixUITests-frameworks.sh\"\n";
			showEnvVarsInLog = 0;
		};
		EF02D5A0BF5DEBAC979D128F /* [CP] Check Pods Manifest.lock */ = {
			isa = PBXShellScriptBuildPhase;
			buildActionMask = 2147483647;
			files = (
			);
			inputFileListPaths = (
			);
			inputPaths = (
				"${PODS_PODFILE_DIR_PATH}/Podfile.lock",
				"${PODS_ROOT}/Manifest.lock",
			);
			name = "[CP] Check Pods Manifest.lock";
			outputFileListPaths = (
			);
			outputPaths = (
				"$(DERIVED_FILE_DIR)/Pods-Flix-FlixUITests-checkManifestLockResult.txt",
			);
			runOnlyForDeploymentPostprocessing = 0;
			shellPath = /bin/sh;
			shellScript = "diff \"${PODS_PODFILE_DIR_PATH}/Podfile.lock\" \"${PODS_ROOT}/Manifest.lock\" > /dev/null\nif [ $? != 0 ] ; then\n    # print error to STDERR\n    echo \"error: The sandbox is not in sync with the Podfile.lock. Run 'pod install' or update your CocoaPods installation.\" >&2\n    exit 1\nfi\n# This output is used by Xcode 'outputs' to avoid re-running this script phase.\necho \"SUCCESS\" > \"${SCRIPT_OUTPUT_FILE_0}\"\n";
			showEnvVarsInLog = 0;
		};
/* End PBXShellScriptBuildPhase section */

/* Begin PBXSourcesBuildPhase section */
		03647E9825E0A5F600EAAB29 /* Sources */ = {
			isa = PBXSourcesBuildPhase;
			buildActionMask = 2147483647;
			files = (
				03647EA425E0A5F600EAAB29 /* ViewController.swift in Sources */,
				03647EA025E0A5F600EAAB29 /* AppDelegate.swift in Sources */,
				03647EDB25E0BAEF00EAAB29 /* MovieCell.swift in Sources */,
				03647EA225E0A5F600EAAB29 /* SceneDelegate.swift in Sources */,
			);
			runOnlyForDeploymentPostprocessing = 0;
		};
		03647EAE25E0A5F700EAAB29 /* Sources */ = {
			isa = PBXSourcesBuildPhase;
			buildActionMask = 2147483647;
			files = (
				03647EB725E0A5F700EAAB29 /* FlixTests.swift in Sources */,
			);
			runOnlyForDeploymentPostprocessing = 0;
		};
		03647EB925E0A5F700EAAB29 /* Sources */ = {
			isa = PBXSourcesBuildPhase;
			buildActionMask = 2147483647;
			files = (
				03647EC225E0A5F700EAAB29 /* FlixUITests.swift in Sources */,
			);
			runOnlyForDeploymentPostprocessing = 0;
		};
/* End PBXSourcesBuildPhase section */

/* Begin PBXTargetDependency section */
		03647EB425E0A5F700EAAB29 /* PBXTargetDependency */ = {
			isa = PBXTargetDependency;
			target = 03647E9B25E0A5F600EAAB29 /* Flix */;
			targetProxy = 03647EB325E0A5F700EAAB29 /* PBXContainerItemProxy */;
		};
		03647EBF25E0A5F700EAAB29 /* PBXTargetDependency */ = {
			isa = PBXTargetDependency;
			target = 03647E9B25E0A5F600EAAB29 /* Flix */;
			targetProxy = 03647EBE25E0A5F700EAAB29 /* PBXContainerItemProxy */;
		};
/* End PBXTargetDependency section */

/* Begin PBXVariantGroup section */
		03647EA525E0A5F600EAAB29 /* Main.storyboard */ = {
			isa = PBXVariantGroup;
			children = (
				03647EA625E0A5F600EAAB29 /* Base */,
			);
			name = Main.storyboard;
			sourceTree = "<group>";
		};
		03647EAA25E0A5F700EAAB29 /* LaunchScreen.storyboard */ = {
			isa = PBXVariantGroup;
			children = (
				03647EAB25E0A5F700EAAB29 /* Base */,
			);
			name = LaunchScreen.storyboard;
			sourceTree = "<group>";
		};
/* End PBXVariantGroup section */

/* Begin XCBuildConfiguration section */
		03647EC425E0A5F700EAAB29 /* Debug */ = {
			isa = XCBuildConfiguration;
			buildSettings = {
				ALWAYS_SEARCH_USER_PATHS = NO;
				CLANG_ANALYZER_NONNULL = YES;
				CLANG_ANALYZER_NUMBER_OBJECT_CONVERSION = YES_AGGRESSIVE;
				CLANG_CXX_LANGUAGE_STANDARD = "gnu++14";
				CLANG_CXX_LIBRARY = "libc++";
				CLANG_ENABLE_MODULES = YES;
				CLANG_ENABLE_OBJC_ARC = YES;
				CLANG_ENABLE_OBJC_WEAK = YES;
				CLANG_WARN_BLOCK_CAPTURE_AUTORELEASING = YES;
				CLANG_WARN_BOOL_CONVERSION = YES;
				CLANG_WARN_COMMA = YES;
				CLANG_WARN_CONSTANT_CONVERSION = YES;
				CLANG_WARN_DEPRECATED_OBJC_IMPLEMENTATIONS = YES;
				CLANG_WARN_DIRECT_OBJC_ISA_USAGE = YES_ERROR;
				CLANG_WARN_DOCUMENTATION_COMMENTS = YES;
				CLANG_WARN_EMPTY_BODY = YES;
				CLANG_WARN_ENUM_CONVERSION = YES;
				CLANG_WARN_INFINITE_RECURSION = YES;
				CLANG_WARN_INT_CONVERSION = YES;
				CLANG_WARN_NON_LITERAL_NULL_CONVERSION = YES;
				CLANG_WARN_OBJC_IMPLICIT_RETAIN_SELF = YES;
				CLANG_WARN_OBJC_LITERAL_CONVERSION = YES;
				CLANG_WARN_OBJC_ROOT_CLASS = YES_ERROR;
				CLANG_WARN_QUOTED_INCLUDE_IN_FRAMEWORK_HEADER = YES;
				CLANG_WARN_RANGE_LOOP_ANALYSIS = YES;
				CLANG_WARN_STRICT_PROTOTYPES = YES;
				CLANG_WARN_SUSPICIOUS_MOVE = YES;
				CLANG_WARN_UNGUARDED_AVAILABILITY = YES_AGGRESSIVE;
				CLANG_WARN_UNREACHABLE_CODE = YES;
				CLANG_WARN__DUPLICATE_METHOD_MATCH = YES;
				COPY_PHASE_STRIP = NO;
				DEBUG_INFORMATION_FORMAT = dwarf;
				ENABLE_STRICT_OBJC_MSGSEND = YES;
				ENABLE_TESTABILITY = YES;
				GCC_C_LANGUAGE_STANDARD = gnu11;
				GCC_DYNAMIC_NO_PIC = NO;
				GCC_NO_COMMON_BLOCKS = YES;
				GCC_OPTIMIZATION_LEVEL = 0;
				GCC_PREPROCESSOR_DEFINITIONS = (
					"DEBUG=1",
					"$(inherited)",
				);
				GCC_WARN_64_TO_32_BIT_CONVERSION = YES;
				GCC_WARN_ABOUT_RETURN_TYPE = YES_ERROR;
				GCC_WARN_UNDECLARED_SELECTOR = YES;
				GCC_WARN_UNINITIALIZED_AUTOS = YES_AGGRESSIVE;
				GCC_WARN_UNUSED_FUNCTION = YES;
				GCC_WARN_UNUSED_VARIABLE = YES;
				IPHONEOS_DEPLOYMENT_TARGET = 14.4;
				MTL_ENABLE_DEBUG_INFO = INCLUDE_SOURCE;
				MTL_FAST_MATH = YES;
				ONLY_ACTIVE_ARCH = YES;
				SDKROOT = iphoneos;
				SWIFT_ACTIVE_COMPILATION_CONDITIONS = DEBUG;
				SWIFT_OPTIMIZATION_LEVEL = "-Onone";
			};
			name = Debug;
		};
		03647EC525E0A5F700EAAB29 /* Release */ = {
			isa = XCBuildConfiguration;
			buildSettings = {
				ALWAYS_SEARCH_USER_PATHS = NO;
				CLANG_ANALYZER_NONNULL = YES;
				CLANG_ANALYZER_NUMBER_OBJECT_CONVERSION = YES_AGGRESSIVE;
				CLANG_CXX_LANGUAGE_STANDARD = "gnu++14";
				CLANG_CXX_LIBRARY = "libc++";
				CLANG_ENABLE_MODULES = YES;
				CLANG_ENABLE_OBJC_ARC = YES;
				CLANG_ENABLE_OBJC_WEAK = YES;
				CLANG_WARN_BLOCK_CAPTURE_AUTORELEASING = YES;
				CLANG_WARN_BOOL_CONVERSION = YES;
				CLANG_WARN_COMMA = YES;
				CLANG_WARN_CONSTANT_CONVERSION = YES;
				CLANG_WARN_DEPRECATED_OBJC_IMPLEMENTATIONS = YES;
				CLANG_WARN_DIRECT_OBJC_ISA_USAGE = YES_ERROR;
				CLANG_WARN_DOCUMENTATION_COMMENTS = YES;
				CLANG_WARN_EMPTY_BODY = YES;
				CLANG_WARN_ENUM_CONVERSION = YES;
				CLANG_WARN_INFINITE_RECURSION = YES;
				CLANG_WARN_INT_CONVERSION = YES;
				CLANG_WARN_NON_LITERAL_NULL_CONVERSION = YES;
				CLANG_WARN_OBJC_IMPLICIT_RETAIN_SELF = YES;
				CLANG_WARN_OBJC_LITERAL_CONVERSION = YES;
				CLANG_WARN_OBJC_ROOT_CLASS = YES_ERROR;
				CLANG_WARN_QUOTED_INCLUDE_IN_FRAMEWORK_HEADER = YES;
				CLANG_WARN_RANGE_LOOP_ANALYSIS = YES;
				CLANG_WARN_STRICT_PROTOTYPES = YES;
				CLANG_WARN_SUSPICIOUS_MOVE = YES;
				CLANG_WARN_UNGUARDED_AVAILABILITY = YES_AGGRESSIVE;
				CLANG_WARN_UNREACHABLE_CODE = YES;
				CLANG_WARN__DUPLICATE_METHOD_MATCH = YES;
				COPY_PHASE_STRIP = NO;
				DEBUG_INFORMATION_FORMAT = "dwarf-with-dsym";
				ENABLE_NS_ASSERTIONS = NO;
				ENABLE_STRICT_OBJC_MSGSEND = YES;
				GCC_C_LANGUAGE_STANDARD = gnu11;
				GCC_NO_COMMON_BLOCKS = YES;
				GCC_WARN_64_TO_32_BIT_CONVERSION = YES;
				GCC_WARN_ABOUT_RETURN_TYPE = YES_ERROR;
				GCC_WARN_UNDECLARED_SELECTOR = YES;
				GCC_WARN_UNINITIALIZED_AUTOS = YES_AGGRESSIVE;
				GCC_WARN_UNUSED_FUNCTION = YES;
				GCC_WARN_UNUSED_VARIABLE = YES;
				IPHONEOS_DEPLOYMENT_TARGET = 14.4;
				MTL_ENABLE_DEBUG_INFO = NO;
				MTL_FAST_MATH = YES;
				SDKROOT = iphoneos;
				SWIFT_COMPILATION_MODE = wholemodule;
				SWIFT_OPTIMIZATION_LEVEL = "-O";
				VALIDATE_PRODUCT = YES;
			};
			name = Release;
		};
		03647EC725E0A5F700EAAB29 /* Debug */ = {
			isa = XCBuildConfiguration;
			baseConfigurationReference = 5DDAC596AA93ED8DCD783F2A /* Pods-Flix.debug.xcconfig */;
			buildSettings = {
				ASSETCATALOG_COMPILER_APPICON_NAME = AppIcon;
				ASSETCATALOG_COMPILER_GLOBAL_ACCENT_COLOR_NAME = AccentColor;
				CODE_SIGN_STYLE = Automatic;
				INFOPLIST_FILE = Flix/Info.plist;
				LD_RUNPATH_SEARCH_PATHS = (
					"$(inherited)",
					"@executable_path/Frameworks",
				);
				PRODUCT_BUNDLE_IDENTIFIER = CodePath.Flix;
				PRODUCT_NAME = "$(TARGET_NAME)";
				SWIFT_VERSION = 5.0;
				TARGETED_DEVICE_FAMILY = "1,2";
			};
			name = Debug;
		};
		03647EC825E0A5F700EAAB29 /* Release */ = {
			isa = XCBuildConfiguration;
			baseConfigurationReference = E5A3686FE7DB38D1FAF993DE /* Pods-Flix.release.xcconfig */;
			buildSettings = {
				ASSETCATALOG_COMPILER_APPICON_NAME = AppIcon;
				ASSETCATALOG_COMPILER_GLOBAL_ACCENT_COLOR_NAME = AccentColor;
				CODE_SIGN_STYLE = Automatic;
				INFOPLIST_FILE = Flix/Info.plist;
				LD_RUNPATH_SEARCH_PATHS = (
					"$(inherited)",
					"@executable_path/Frameworks",
				);
				PRODUCT_BUNDLE_IDENTIFIER = CodePath.Flix;
				PRODUCT_NAME = "$(TARGET_NAME)";
				SWIFT_VERSION = 5.0;
				TARGETED_DEVICE_FAMILY = "1,2";
			};
			name = Release;
		};
		03647ECA25E0A5F700EAAB29 /* Debug */ = {
			isa = XCBuildConfiguration;
			baseConfigurationReference = 228D16F5C50CC8402157D6EE /* Pods-FlixTests.debug.xcconfig */;
			buildSettings = {
				ALWAYS_EMBED_SWIFT_STANDARD_LIBRARIES = YES;
				BUNDLE_LOADER = "$(TEST_HOST)";
				CODE_SIGN_STYLE = Automatic;
				INFOPLIST_FILE = FlixTests/Info.plist;
				IPHONEOS_DEPLOYMENT_TARGET = 14.4;
				LD_RUNPATH_SEARCH_PATHS = (
					"$(inherited)",
					"@executable_path/Frameworks",
					"@loader_path/Frameworks",
				);
				PRODUCT_BUNDLE_IDENTIFIER = CodePath.FlixTests;
				PRODUCT_NAME = "$(TARGET_NAME)";
				SWIFT_VERSION = 5.0;
				TARGETED_DEVICE_FAMILY = "1,2";
				TEST_HOST = "$(BUILT_PRODUCTS_DIR)/Flix.app/Flix";
			};
			name = Debug;
		};
		03647ECB25E0A5F700EAAB29 /* Release */ = {
			isa = XCBuildConfiguration;
			baseConfigurationReference = D01F3A82CCAF6AFB3AF5CE30 /* Pods-FlixTests.release.xcconfig */;
			buildSettings = {
				ALWAYS_EMBED_SWIFT_STANDARD_LIBRARIES = YES;
				BUNDLE_LOADER = "$(TEST_HOST)";
				CODE_SIGN_STYLE = Automatic;
				INFOPLIST_FILE = FlixTests/Info.plist;
				IPHONEOS_DEPLOYMENT_TARGET = 14.4;
				LD_RUNPATH_SEARCH_PATHS = (
					"$(inherited)",
					"@executable_path/Frameworks",
					"@loader_path/Frameworks",
				);
				PRODUCT_BUNDLE_IDENTIFIER = CodePath.FlixTests;
				PRODUCT_NAME = "$(TARGET_NAME)";
				SWIFT_VERSION = 5.0;
				TARGETED_DEVICE_FAMILY = "1,2";
				TEST_HOST = "$(BUILT_PRODUCTS_DIR)/Flix.app/Flix";
			};
			name = Release;
		};
		03647ECD25E0A5F700EAAB29 /* Debug */ = {
			isa = XCBuildConfiguration;
			baseConfigurationReference = 16BFC1AB5B95988EA64D5373 /* Pods-Flix-FlixUITests.debug.xcconfig */;
			buildSettings = {
				ALWAYS_EMBED_SWIFT_STANDARD_LIBRARIES = YES;
				CODE_SIGN_STYLE = Automatic;
				INFOPLIST_FILE = FlixUITests/Info.plist;
				LD_RUNPATH_SEARCH_PATHS = (
					"$(inherited)",
					"@executable_path/Frameworks",
					"@loader_path/Frameworks",
				);
				PRODUCT_BUNDLE_IDENTIFIER = CodePath.FlixUITests;
				PRODUCT_NAME = "$(TARGET_NAME)";
				SWIFT_VERSION = 5.0;
				TARGETED_DEVICE_FAMILY = "1,2";
				TEST_TARGET_NAME = Flix;
			};
			name = Debug;
		};
		03647ECE25E0A5F700EAAB29 /* Release */ = {
			isa = XCBuildConfiguration;
			baseConfigurationReference = 057B74343AB2A99789E83014 /* Pods-Flix-FlixUITests.release.xcconfig */;
			buildSettings = {
				ALWAYS_EMBED_SWIFT_STANDARD_LIBRARIES = YES;
				CODE_SIGN_STYLE = Automatic;
				INFOPLIST_FILE = FlixUITests/Info.plist;
				LD_RUNPATH_SEARCH_PATHS = (
					"$(inherited)",
					"@executable_path/Frameworks",
					"@loader_path/Frameworks",
				);
				PRODUCT_BUNDLE_IDENTIFIER = CodePath.FlixUITests;
				PRODUCT_NAME = "$(TARGET_NAME)";
				SWIFT_VERSION = 5.0;
				TARGETED_DEVICE_FAMILY = "1,2";
				TEST_TARGET_NAME = Flix;
			};
			name = Release;
		};
/* End XCBuildConfiguration section */

/* Begin XCConfigurationList section */
		03647E9725E0A5F600EAAB29 /* Build configuration list for PBXProject "Flix" */ = {
			isa = XCConfigurationList;
			buildConfigurations = (
				03647EC425E0A5F700EAAB29 /* Debug */,
				03647EC525E0A5F700EAAB29 /* Release */,
			);
			defaultConfigurationIsVisible = 0;
			defaultConfigurationName = Release;
		};
		03647EC625E0A5F700EAAB29 /* Build configuration list for PBXNativeTarget "Flix" */ = {
			isa = XCConfigurationList;
			buildConfigurations = (
				03647EC725E0A5F700EAAB29 /* Debug */,
				03647EC825E0A5F700EAAB29 /* Release */,
			);
			defaultConfigurationIsVisible = 0;
			defaultConfigurationName = Release;
		};
		03647EC925E0A5F700EAAB29 /* Build configuration list for PBXNativeTarget "FlixTests" */ = {
			isa = XCConfigurationList;
			buildConfigurations = (
				03647ECA25E0A5F700EAAB29 /* Debug */,
				03647ECB25E0A5F700EAAB29 /* Release */,
			);
			defaultConfigurationIsVisible = 0;
			defaultConfigurationName = Release;
		};
		03647ECC25E0A5F700EAAB29 /* Build configuration list for PBXNativeTarget "FlixUITests" */ = {
			isa = XCConfigurationList;
			buildConfigurations = (
				03647ECD25E0A5F700EAAB29 /* Debug */,
				03647ECE25E0A5F700EAAB29 /* Release */,
			);
			defaultConfigurationIsVisible = 0;
			defaultConfigurationName = Release;
		};
/* End XCConfigurationList section */
	};
	rootObject = 03647E9425E0A5F600EAAB29 /* Project object */;
}
